
Microsoft Visual Studio Solution File, Format Version 12.00
# Visual Studio Version 17
VisualStudioVersion = 17.0.31912.275
MinimumVisualStudioVersion = 10.0.40219.1
Project("{FAE04EC0-301F-11D3-BF4B-00C04F79EFBC}") = "QL_BanTraSua", "QL_BanTraSua\QL_BanTraSua.csproj", "{7820B84C-7CD1-4CC4-B603-2824D2110EC9}"
EndProject
Project("{2150E333-8FDC-42A3-9474-1A3956D46DE8}") = "Solution Items", "Solution Items", "{203A8DC8-18A7-48BD-8959-0DC3DB96DA3C}"
	ProjectSection(SolutionItems) = preProject
		.editorconfig = .editorconfig
	EndProjectSection
EndProject
Global
	GlobalSection(SolutionConfigurationPlatforms) = preSolution
		Debug|Any CPU = Debug|Any CPU
		Release|Any CPU = Release|Any CPU
	EndGlobalSection
	GlobalSection(ProjectConfigurationPlatforms) = postSolution
		{7820B84C-7CD1-4CC4-B603-2824D2110EC9}.Debug|Any CPU.ActiveCfg = Debug|Any CPU
		{7820B84C-7CD1-4CC4-B603-2824D2110EC9}.Debug|Any CPU.Build.0 = Debug|Any CPU
		{7820B84C-7CD1-4CC4-B603-2824D2110EC9}.Release|Any CPU.ActiveCfg = Release|Any CPU
		{7820B84C-7CD1-4CC4-B603-2824D2110EC9}.Release|Any CPU.Build.0 = Release|Any CPU
	EndGlobalSection
	GlobalSection(SolutionProperties) = preSolution
		HideSolutionNode = FALSE
	EndGlobalSection
	GlobalSection(ExtensibilityGlobals) = postSolution
		SolutionGuid = {7186E5A7-94E9-49FD-9B7C-55B66A8CA3B9}
	EndGlobalSection
EndGlobal
